{
  "name": "csv-parsing",
  "version": "0.1.0",
  "lockfileVersion": 1,
  "requires": true,
  "dependencies": {
    "bluebird": {
      "version": "3.5.1",
      "resolved": "https://registry.npmjs.org/bluebird/-/bluebird-3.5.1.tgz",
      "integrity": "sha512-MKiLiV+I1AA596t9w1sQJ8jkiSr5+ZKi0WKrYGUn6d1Fx+Ij4tIj+m2WMQSGczs5jZVxV339chE8iwk6F64wjA=="
    },
    "boom": {
      "version": "7.2.0",
      "resolved": "https://registry.npmjs.org/boom/-/boom-7.2.0.tgz",
      "integrity": "sha1-K/8kpVVldn/ehp7ICDF+sQxI6WY=",
      "requires": {
        "hoek": "5.0.3"
      }
    },
    "csv": {
      "version": "2.0.0",
      "resolved": "https://registry.npmjs.org/csv/-/csv-2.0.0.tgz",
      "integrity": "sha1-DVHY+j7OJ4tUCfeVcX/PzVrOmz4=",
      "requires": {
        "csv-generate": "2.1.0",
        "csv-parse": "2.5.0",
        "csv-stringify": "2.1.0",
        "stream-transform": "1.0.2"
      }
    },
    "csv-generate": {
      "version": "2.1.0",
      "resolved": "https://registry.npmjs.org/csv-generate/-/csv-generate-2.1.0.tgz",
      "integrity": "sha512-avXXdQMta14DhePrX3yvzJHV5VEAhJQwBCwgqcZE7xyNTYGpxcUxmYvOSKQw+CisAjdpfn6/ZUNEJa2W6jDzNg=="
    },
    "csv-parse": {
      "version": "2.5.0",
      "resolved": "https://registry.npmjs.org/csv-parse/-/csv-parse-2.5.0.tgz",
      "integrity": "sha512-4OcjOJQByI0YDU5COYw9HAqjo8/MOLLmT9EKyMCXUzgvh30vS1SlMK+Ho84IH5exN44cSnrYecw/7Zpu2m4lkA=="
    },
    "csv-stringify": {
      "version": "2.1.0",
      "resolved": "https://registry.npmjs.org/csv-stringify/-/csv-stringify-2.1.0.tgz",
      "integrity": "sha512-wEmZksjlGEZEP0Ai7eyCQuVd68CUqP1TmQ7ay4bchtxTY37tAm1DgM1xPj2L9isEylGEmvfFwA6RXwnqLzKfuA==",
      "requires": {
        "lodash.get": "4.4.2"
      }
    },
    "fs": {
      "version": "0.0.1-security",
      "resolved": "https://registry.npmjs.org/fs/-/fs-0.0.1-security.tgz",
      "integrity": "sha1-invTcYa23d84E/I4WLV+yq9eQdQ="
    },
    "hoek": {
      "version": "5.0.3",
      "resolved": "https://registry.npmjs.org/hoek/-/hoek-5.0.3.tgz",
      "integrity": "sha512-Bmr56pxML1c9kU+NS51SMFkiVQAb+9uFfXwyqR2tn4w2FPvmPt65eZ9aCcEfRXd9G74HkZnILC6p967pED4aiw=="
    },
    "lodash.get": {
      "version": "4.4.2",
      "resolved": "https://registry.npmjs.org/lodash.get/-/lodash.get-4.4.2.tgz",
      "integrity": "sha1-LRd/ZS+jHpObRDjVNBSZ36OCXpk="
    },
    "node": {
      "version": "8.11.3",
      "resolved": "https://registry.npmjs.org/node/-/node-8.11.3.tgz",
      "integrity": "sha512-WcjMru2asV/2Luul5wFpgw+SXc2GrD9X4nGswd1r4DoKpNU56+U3TB3+gZgswX4zYiCN8fIwwMwcAJBscS0jdg==",
      "requires": {
        "node-bin-setup": "1.0.6"
      }
    },
    "node-bin-setup": {
      "version": "1.0.6",
      "resolved": "https://registry.npmjs.org/node-bin-setup/-/node-bin-setup-1.0.6.tgz",
      "integrity": "sha512-uPIxXNis1CRbv1DwqAxkgBk5NFV3s7cMN/Gf556jSw6jBvV7ca4F9lRL/8cALcZecRibeqU+5dFYqFFmzv5a0Q=="
    },
    "stream-transform": {
      "version": "1.0.2",
      "resolved": "https://registry.npmjs.org/stream-transform/-/stream-transform-1.0.2.tgz",
      "integrity": "sha512-LNcZSF01PZ+bM0OqwPY7UHPiKoxSmLGHAcqakvh01DCU98ONEslLORdyBPdmTqjTpZSfCiaYLV4sci9y5M47oA=="
    },
    "wreck": {
      "version": "14.0.2",
      "resolved": "https://registry.npmjs.org/wreck/-/wreck-14.0.2.tgz",
      "integrity": "sha512-QCm3omWNJUseqrSzwX2QZi1rBbmCfbFHJAXputLLyZ37VSiFnSYQB0ms/mPnSvrlIu7GVm89Y/gBNhSY26uVIQ==",
      "requires": {
        "boom": "7.2.0",
        "hoek": "5.0.3"
      }
    }
  }
}
